
Microsoft Visual Studio Solution File, Format Version 12.00
# Visual Studio Version 17
VisualStudioVersion = 17.0.31903.59
MinimumVisualStudioVersion = 10.0.40219.1
Project("{FAE04EC0-301F-11D3-BF4B-00C04F79EFBC}") = "EcommerceWepApi.DAL", "EcommerceWepApi.DAL\EcommerceWepApi.DAL.csproj", "{A06C3373-AE2C-4D7D-8B81-0326E76297C3}"
EndProject
Project("{FAE04EC0-301F-11D3-BF4B-00C04F79EFBC}") = "EcommerceWepApi.BLL", "EcommerceWepApi.BLL\EcommerceWepApi.BLL.csproj", "{8C5B54EB-90B7-4A39-968C-24A35397D369}"
EndProject
Project("{FAE04EC0-301F-11D3-BF4B-00C04F79EFBC}") = "EcommerceWepApi.API", "EcommerceWepApi.API\EcommerceWepApi.API.csproj", "{D028A3CF-ADC3-41D3-B82B-6E0DBB472E58}"
EndProject
Global
	GlobalSection(SolutionConfigurationPlatforms) = preSolution
		Debug|Any CPU = Debug|Any CPU
		Release|Any CPU = Release|Any CPU
	EndGlobalSection
	GlobalSection(SolutionProperties) = preSolution
		HideSolutionNode = FALSE
	EndGlobalSection
	GlobalSection(ProjectConfigurationPlatforms) = postSolution
		{A06C3373-AE2C-4D7D-8B81-0326E76297C3}.Debug|Any CPU.ActiveCfg = Debug|Any CPU
		{A06C3373-AE2C-4D7D-8B81-0326E76297C3}.Debug|Any CPU.Build.0 = Debug|Any CPU
		{A06C3373-AE2C-4D7D-8B81-0326E76297C3}.Release|Any CPU.ActiveCfg = Release|Any CPU
		{A06C3373-AE2C-4D7D-8B81-0326E76297C3}.Release|Any CPU.Build.0 = Release|Any CPU
		{8C5B54EB-90B7-4A39-968C-24A35397D369}.Debug|Any CPU.ActiveCfg = Debug|Any CPU
		{8C5B54EB-90B7-4A39-968C-24A35397D369}.Debug|Any CPU.Build.0 = Debug|Any CPU
		{8C5B54EB-90B7-4A39-968C-24A35397D369}.Release|Any CPU.ActiveCfg = Release|Any CPU
		{8C5B54EB-90B7-4A39-968C-24A35397D369}.Release|Any CPU.Build.0 = Release|Any CPU
		{D028A3CF-ADC3-41D3-B82B-6E0DBB472E58}.Debug|Any CPU.ActiveCfg = Debug|Any CPU
		{D028A3CF-ADC3-41D3-B82B-6E0DBB472E58}.Debug|Any CPU.Build.0 = Debug|Any CPU
		{D028A3CF-ADC3-41D3-B82B-6E0DBB472E58}.Release|Any CPU.ActiveCfg = Release|Any CPU
		{D028A3CF-ADC3-41D3-B82B-6E0DBB472E58}.Release|Any CPU.Build.0 = Release|Any CPU
	EndGlobalSection
EndGlobal
